// !$*UTF8*$!
{
	archiveVersion = 1;
	classes = {
	};
	objectVersion = 46;
	objects = {

/* Begin PBXBuildFile section */
		95A922761CFF844400303041 /* AppDelegate.swift in Sources */ = {isa = PBXBuildFile; fileRef = 95A922751CFF844400303041 /* AppDelegate.swift */; };
		95A9227B1CFF844400303041 /* Main.storyboard in Resources */ = {isa = PBXBuildFile; fileRef = 95A922791CFF844400303041 /* Main.storyboard */; };
		95A9227D1CFF844400303041 /* Assets.xcassets in Resources */ = {isa = PBXBuildFile; fileRef = 95A9227C1CFF844400303041 /* Assets.xcassets */; };
		95A922881CFF84FA00303041 /* PostListTableTableViewController.swift in Sources */ = {isa = PBXBuildFile; fileRef = 95A922871CFF84FA00303041 /* PostListTableTableViewController.swift */; };
		95A9228C1CFF861000303041 /* Post.swift in Sources */ = {isa = PBXBuildFile; fileRef = 95A9228B1CFF861000303041 /* Post.swift */; };
		95A9228F1CFF862100303041 /* PostController.swift in Sources */ = {isa = PBXBuildFile; fileRef = 95A9228E1CFF862100303041 /* PostController.swift */; };
		95A922911CFF862A00303041 /* NetworkController.swift in Sources */ = {isa = PBXBuildFile; fileRef = 95A922901CFF862A00303041 /* NetworkController.swift */; };
/* End PBXBuildFile section */

/* Begin PBXFileReference section */
		95A922721CFF844400303041 /* Post.app */ = {isa = PBXFileReference; explicitFileType = wrapper.application; includeInIndex = 0; path = Post.app; sourceTree = BUILT_PRODUCTS_DIR; };
		95A922751CFF844400303041 /* AppDelegate.swift */ = {isa = PBXFileReference; lastKnownFileType = sourcecode.swift; path = AppDelegate.swift; sourceTree = "<group>"; };
		95A9227A1CFF844400303041 /* Base */ = {isa = PBXFileReference; lastKnownFileType = file.storyboard; name = Base; path = Base.lproj/Main.storyboard; sourceTree = "<group>"; };
		95A9227C1CFF844400303041 /* Assets.xcassets */ = {isa = PBXFileReference; lastKnownFileType = folder.assetcatalog; path = Assets.xcassets; sourceTree = "<group>"; };
		95A922811CFF844400303041 /* Info.plist */ = {isa = PBXFileReference; lastKnownFileType = text.plist.xml; path = Info.plist; sourceTree = "<group>"; };
		95A922871CFF84FA00303041 /* PostListTableTableViewController.swift */ = {isa = PBXFileReference; fileEncoding = 4; lastKnownFileType = sourcecode.swift; path = PostListTableTableViewController.swift; sourceTree = SOURCE_ROOT; };
		95A9228B1CFF861000303041 /* Post.swift */ = {isa = PBXFileReference; fileEncoding = 4; lastKnownFileType = sourcecode.swift; path = Post.swift; sourceTree = "<group>"; };
		95A9228E1CFF862100303041 /* PostController.swift */ = {isa = PBXFileReference; fileEncoding = 4; lastKnownFileType = sourcecode.swift; path = PostController.swift; sourceTree = "<group>"; };
		95A922901CFF862A00303041 /* NetworkController.swift */ = {isa = PBXFileReference; fileEncoding = 4; lastKnownFileType = sourcecode.swift; path = NetworkController.swift; sourceTree = "<group>"; };
/* End PBXFileReference section */

/* Begin PBXFrameworksBuildPhase section */
		95A9226F1CFF844400303041 /* Frameworks */ = {
			isa = PBXFrameworksBuildPhase;
			buildActionMask = 2147483647;
			files = (
			);
			runOnlyForDeploymentPostprocessing = 0;
		};
/* End PBXFrameworksBuildPhase section */

/* Begin PBXGroup section */
		95A922691CFF844400303041 = {
			isa = PBXGroup;
			children = (
				95A922741CFF844400303041 /* Post */,
				95A922731CFF844400303041 /* Products */,
			);
			sourceTree = "<group>";
		};
		95A922731CFF844400303041 /* Products */ = {
			isa = PBXGroup;
			children = (
				95A922721CFF844400303041 /* Post.app */,
			);
			name = Products;
			sourceTree = "<group>";
		};
		95A922741CFF844400303041 /* Post */ = {
			isa = PBXGroup;
			children = (
				95A9228A1CFF850D00303041 /* View */,
				95A922891CFF850200303041 /* View Controllers */,
				95A922921CFF862E00303041 /* Model Controller-ish */,
				95A9228D1CFF861400303041 /* Model */,
				95A922751CFF844400303041 /* AppDelegate.swift */,
				95A9227C1CFF844400303041 /* Assets.xcassets */,
				95A922811CFF844400303041 /* Info.plist */,
			);
			path = Post;
			sourceTree = "<group>";
		};
		95A922891CFF850200303041 /* View Controllers */ = {
			isa = PBXGroup;
			children = (
				95A922871CFF84FA00303041 /* PostListTableTableViewController.swift */,
			);
			name = "View Controllers";
			sourceTree = "<group>";
		};
		95A9228A1CFF850D00303041 /* View */ = {
			isa = PBXGroup;
			children = (
				95A922791CFF844400303041 /* Main.storyboard */,
			);
			name = View;
			sourceTree = "<group>";
		};
		95A9228D1CFF861400303041 /* Model */ = {
			isa = PBXGroup;
			children = (
				95A9228B1CFF861000303041 /* Post.swift */,
			);
			name = Model;
			sourceTree = "<group>";
		};
		95A922921CFF862E00303041 /* Model Controller-ish */ = {
			isa = PBXGroup;
			children = (
				95A9228E1CFF862100303041 /* PostController.swift */,
				95A922901CFF862A00303041 /* NetworkController.swift */,
			);
			name = "Model Controller-ish";
			sourceTree = "<group>";
		};
/* End PBXGroup section */

/* Begin PBXNativeTarget section */
		95A922711CFF844400303041 /* Post */ = {
			isa = PBXNativeTarget;
			buildConfigurationList = 95A922841CFF844400303041 /* Build configuration list for PBXNativeTarget "Post" */;
			buildPhases = (
				95A9226E1CFF844400303041 /* Sources */,
				95A9226F1CFF844400303041 /* Frameworks */,
				95A922701CFF844400303041 /* Resources */,
			);
			buildRules = (
			);
			dependencies = (
			);
			name = Post;
			productName = Post;
			productReference = 95A922721CFF844400303041 /* Post.app */;
			productType = "com.apple.product-type.application";
		};
/* End PBXNativeTarget section */

/* Begin PBXProject section */
		95A9226A1CFF844400303041 /* Project object */ = {
			isa = PBXProject;
			attributes = {
				LastSwiftUpdateCheck = 0730;
				LastUpgradeCheck = 0730;
				ORGANIZATIONNAME = SteveCox;
				TargetAttributes = {
					95A922711CFF844400303041 = {
						CreatedOnToolsVersion = 7.3.1;
						DevelopmentTeam = B829RQHZNJ;
					};
				};
			};
			buildConfigurationList = 95A9226D1CFF844400303041 /* Build configuration list for PBXProject "Post" */;
			compatibilityVersion = "Xcode 3.2";
			developmentRegion = English;
			hasScannedForEncodings = 0;
			knownRegions = (
				en,
				Base,
			);
			mainGroup = 95A922691CFF844400303041;
			productRefGroup = 95A922731CFF844400303041 /* Products */;
			projectDirPath = "";
			projectRoot = "";
			targets = (
				95A922711CFF844400303041 /* Post */,
			);
		};
/* End PBXProject section */

/* Begin PBXResourcesBuildPhase section */
		95A922701CFF844400303041 /* Resources */ = {
			isa = PBXResourcesBuildPhase;
			buildActionMask = 2147483647;
			files = (
				95A9227D1CFF844400303041 /* Assets.xcassets in Resources */,
				95A9227B1CFF844400303041 /* Main.storyboard in Resources */,
			);
			runOnlyForDeploymentPostprocessing = 0;
		};
/* End PBXResourcesBuildPhase section */

/* Begin PBXSourcesBuildPhase section */
		95A9226E1CFF844400303041 /* Sources */ = {
			isa = PBXSourcesBuildPhase;
			buildActionMask = 2147483647;
			files = (
				95A922911CFF862A00303041 /* NetworkController.swift in Sources */,
				95A9228C1CFF861000303041 /* Post.swift in Sources */,
				95A9228F1CFF862100303041 /* PostController.swift in Sources */,
				95A922881CFF84FA00303041 /* PostListTableTableViewController.swift in Sources */,
				95A922761CFF844400303041 /* AppDelegate.swift in Sources */,
			);
			runOnlyForDeploymentPostprocessing = 0;
		};
/* End PBXSourcesBuildPhase section */

/* Begin PBXVariantGroup section */
		95A922791CFF844400303041 /* Main.storyboard */ = {
			isa = PBXVariantGroup;
			children = (
				95A9227A1CFF844400303041 /* Base */,
			);
			name = Main.storyboard;
			sourceTree = "<group>";
		};
/* End PBXVariantGroup section */

/* Begin XCBuildConfiguration section */
		95A922821CFF844400303041 /* Debug */ = {
			isa = XCBuildConfiguration;
			buildSettings = {
				ALWAYS_SEARCH_USER_PATHS = NO;
				CLANG_ANALYZER_NONNULL = YES;
				CLANG_CXX_LANGUAGE_STANDARD = "gnu++0x";
				CLANG_CXX_LIBRARY = "libc++";
				CLANG_ENABLE_MODULES = YES;
				CLANG_ENABLE_OBJC_ARC = YES;
				CLANG_WARN_BOOL_CONVERSION = YES;
				CLANG_WARN_CONSTANT_CONVERSION = YES;
				CLANG_WARN_DIRECT_OBJC_ISA_USAGE = YES_ERROR;
				CLANG_WARN_EMPTY_BODY = YES;
				CLANG_WARN_ENUM_CONVERSION = YES;
				CLANG_WARN_INT_CONVERSION = YES;
				CLANG_WARN_OBJC_ROOT_CLASS = YES_ERROR;
				CLANG_WARN_UNREACHABLE_CODE = YES;
				CLANG_WARN__DUPLICATE_METHOD_MATCH = YES;
				"CODE_SIGN_IDENTITY[sdk=iphoneos*]" = "iPhone Developer";
				COPY_PHASE_STRIP = NO;
				DEBUG_INFORMATION_FORMAT = dwarf;
				ENABLE_STRICT_OBJC_MSGSEND = YES;
				ENABLE_TESTABILITY = YES;
				GCC_C_LANGUAGE_STANDARD = gnu99;
				GCC_DYNAMIC_NO_PIC = NO;
				GCC_NO_COMMON_BLOCKS = YES;
				GCC_OPTIMIZATION_LEVEL = 0;
				GCC_PREPROCESSOR_DEFINITIONS = (
					"DEBUG=1",
					"$(inherited)",
				);
				GCC_WARN_64_TO_32_BIT_CONVERSION = YES;
				GCC_WARN_ABOUT_RETURN_TYPE = YES_ERROR;
				GCC_WARN_UNDECLARED_SELECTOR = YES;
				GCC_WARN_UNINITIALIZED_AUTOS = YES_AGGRESSIVE;
				GCC_WARN_UNUSED_FUNCTION = YES;
				GCC_WARN_UNUSED_VARIABLE = YES;
				IPHONEOS_DEPLOYMENT_TARGET = 9.3;
				MTL_ENABLE_DEBUG_INFO = YES;
				ONLY_ACTIVE_ARCH = YES;
				SDKROOT = iphoneos;
				SWIFT_OPTIMIZATION_LEVEL = "-Onone";
			};
			name = Debug;
		};
		95A922831CFF844400303041 /* Release */ = {
			isa = XCBuildConfiguration;
			buildSettings = {
				ALWAYS_SEARCH_USER_PATHS = NO;
				CLANG_ANALYZER_NONNULL = YES;
				CLANG_CXX_LANGUAGE_STANDARD = "gnu++0x";
				CLANG_CXX_LIBRARY = "libc++";
				CLANG_ENABLE_MODULES = YES;
				CLANG_ENABLE_OBJC_ARC = YES;
				CLANG_WARN_BOOL_CONVERSION = YES;
				CLANG_WARN_CONSTANT_CONVERSION = YES;
				CLANG_WARN_DIRECT_OBJC_ISA_USAGE = YES_ERROR;
				CLANG_WARN_EMPTY_BODY = YES;
				CLANG_WARN_ENUM_CONVERSION = YES;
				CLANG_WARN_INT_CONVERSION = YES;
				CLANG_WARN_OBJC_ROOT_CLASS = YES_ERROR;
				CLANG_WARN_UNREACHABLE_CODE = YES;
				CLANG_WARN__DUPLICATE_METHOD_MATCH = YES;
				"CODE_SIGN_IDENTITY[sdk=iphoneos*]" = "iPhone Developer";
				COPY_PHASE_STRIP = NO;
				DEBUG_INFORMATION_FORMAT = "dwarf-with-dsym";
				ENABLE_NS_ASSERTIONS = NO;
				ENABLE_STRICT_OBJC_MSGSEND = YES;
				GCC_C_LANGUAGE_STANDARD = gnu99;
				GCC_NO_COMMON_BLOCKS = YES;
				GCC_WARN_64_TO_32_BIT_CONVERSION = YES;
				GCC_WARN_ABOUT_RETURN_TYPE = YES_ERROR;
				GCC_WARN_UNDECLARED_SELECTOR = YES;
				GCC_WARN_UNINITIALIZED_AUTOS = YES_AGGRESSIVE;
				GCC_WARN_UNUSED_FUNCTION = YES;
				GCC_WARN_UNUSED_VARIABLE = YES;
				IPHONEOS_DEPLOYMENT_TARGET = 9.3;
				MTL_ENABLE_DEBUG_INFO = NO;
				SDKROOT = iphoneos;
				VALIDATE_PRODUCT = YES;
			};
			name = Release;
		};
		95A922851CFF844400303041 /* Debug */ = {
			isa = XCBuildConfiguration;
			buildSettings = {
				ASSETCATALOG_COMPILER_APPICON_NAME = AppIcon;
				CODE_SIGN_IDENTITY = "iPhone Developer";
				INFOPLIST_FILE = Post/Info.plist;
				IPHONEOS_DEPLOYMENT_TARGET = 9.2;
				LD_RUNPATH_SEARCH_PATHS = "$(inherited) @executable_path/Frameworks";
				PRODUCT_BUNDLE_IDENTIFIER = com.SteveCox.Post;
				PRODUCT_NAME = "$(TARGET_NAME)";
			};
			name = Debug;
		};
		95A922861CFF844400303041 /* Release */ = {
			isa = XCBuildConfiguration;
			buildSettings = {
				ASSETCATALOG_COMPILER_APPICON_NAME = AppIcon;
				CODE_SIGN_IDENTITY = "iPhone Developer";
				INFOPLIST_FILE = Post/Info.plist;
				IPHONEOS_DEPLOYMENT_TARGET = 9.2;
				LD_RUNPATH_SEARCH_PATHS = "$(inherited) @executable_path/Frameworks";
				PRODUCT_BUNDLE_IDENTIFIER = com.SteveCox.Post;
				PRODUCT_NAME = "$(TARGET_NAME)";
			};
			name = Release;
		};
/* End XCBuildConfiguration section */

/* Begin XCConfigurationList section */
		95A9226D1CFF844400303041 /* Build configuration list for PBXProject "Post" */ = {
			isa = XCConfigurationList;
			buildConfigurations = (
				95A922821CFF844400303041 /* Debug */,
				95A922831CFF844400303041 /* Release */,
			);
			defaultConfigurationIsVisible = 0;
			defaultConfigurationName = Release;
		};
		95A922841CFF844400303041 /* Build configuration list for PBXNativeTarget "Post" */ = {
			isa = XCConfigurationList;
			buildConfigurations = (
				95A922851CFF844400303041 /* Debug */,
				95A922861CFF844400303041 /* Release */,
			);
			defaultConfigurationIsVisible = 0;
		};
/* End XCConfigurationList section */
	};
	rootObject = 95A9226A1CFF844400303041 /* Project object */;
}
